
Microsoft Visual Studio Solution File, Format Version 12.00
# Visual Studio 15
VisualStudioVersion = 15.0.28307.1738
MinimumVisualStudioVersion = 10.0.40219.1
Project("{FAE04EC0-301F-11D3-BF4B-00C04F79EFBC}") = "StudentManagementSystem", "StudentManagementSystem\StudentManagementSystem.csproj", "{2232D598-24E3-4A8A-911D-5692BE2B2A01}"
EndProject
Global
	GlobalSection(SolutionConfigurationPlatforms) = preSolution
		Debug|Any CPU = Debug|Any CPU
		Release|Any CPU = Release|Any CPU
	EndGlobalSection
	GlobalSection(ProjectConfigurationPlatforms) = postSolution
		{2232D598-24E3-4A8A-911D-5692BE2B2A01}.Debug|Any CPU.ActiveCfg = Debug|Any CPU
		{2232D598-24E3-4A8A-911D-5692BE2B2A01}.Debug|Any CPU.Build.0 = Debug|Any CPU
		{2232D598-24E3-4A8A-911D-5692BE2B2A01}.Release|Any CPU.ActiveCfg = Release|Any CPU
		{2232D598-24E3-4A8A-911D-5692BE2B2A01}.Release|Any CPU.Build.0 = Release|Any CPU
	EndGlobalSection
	GlobalSection(SolutionProperties) = preSolution
		HideSolutionNode = FALSE
	EndGlobalSection
	GlobalSection(ExtensibilityGlobals) = postSolution
		SolutionGuid = {E67EB72E-E8F0-46E4-BBCF-006C5D8CC1ED}
	EndGlobalSection
EndGlobal
